<?xml version="1.0" encoding="UTF-8" standalone="yes" ?>
<CodeBlocks_project_file>
	<FileVersion major="1" minor="6" />
	<Project>
		<Option title="LEDController" />
		<Option pch_mode="2" />
		<Option compiler="gcc" />
		<Build>
			<Target title="Debug">
				<Option output="bin/Debug/LEDController" prefix_auto="1" extension_auto="1" />
				<Option object_output="obj/Debug/" />
				<Option type="1" />
				<Option compiler="gcc" />
				<Compiler>
					<Add option="-g" />
					<Add option="-lpthread -lcppcms" />
					<Add directory="/usr/local/include" />
					<Add directory="include" />
				</Compiler>
				<Linker>
					<Add option="-lpthread -lcppcms -ldl -lpcre -licuuc -licui18n" />
					<Add library="/usr/local/lib/libbooster.a" />
					<Add library="/usr/local/lib/libbooster.so" />
					<Add library="/usr/local/lib/libcppcms.a" />
					<Add library="/usr/local/lib/libcppcms.so" />
					<Add directory="/usr/local/include" />
				</Linker>
			</Target>
			<Target title="Release">
				<Option output="bin/Release/LEDController" prefix_auto="1" extension_auto="1" />
				<Option object_output="obj/Release/" />
				<Option type="1" />
				<Option compiler="gcc" />
				<Compiler>
					<Add option="-O2" />
					<Add directory="include" />
				</Compiler>
				<Linker>
					<Add option="-s" />
				</Linker>
			</Target>
		</Build>
		<Compiler>
			<Add option="-Wall" />
			<Add option="-fexceptions" />
		</Compiler>
		<Unit filename="config.js" />
		<Unit filename="main.cpp" />
		<Extensions>
			<envvars />
			<code_completion />
			<debugger />
		</Extensions>
	</Project>
</CodeBlocks_project_file>
